
Microsoft Visual Studio Solution File, Format Version 12.00
# Visual Studio Version 16
VisualStudioVersion = 16.0.29728.190
MinimumVisualStudioVersion = 10.0.40219.1
Project("{FAE04EC0-301F-11D3-BF4B-00C04F79EFBC}") = "iTim.AdvancedTopic.Console", "iTim.AdvancedTopic.Console\iTim.AdvancedTopic.Console.csproj", "{A248FEDD-20C8-49EF-A83A-4355CB2D4B79}"
EndProject
Global
	GlobalSection(SolutionConfigurationPlatforms) = preSolution
		Debug|Any CPU = Debug|Any CPU
		Release|Any CPU = Release|Any CPU
	EndGlobalSection
	GlobalSection(ProjectConfigurationPlatforms) = postSolution
		{A248FEDD-20C8-49EF-A83A-4355CB2D4B79}.Debug|Any CPU.ActiveCfg = Debug|Any CPU
		{A248FEDD-20C8-49EF-A83A-4355CB2D4B79}.Debug|Any CPU.Build.0 = Debug|Any CPU
		{A248FEDD-20C8-49EF-A83A-4355CB2D4B79}.Release|Any CPU.ActiveCfg = Release|Any CPU
		{A248FEDD-20C8-49EF-A83A-4355CB2D4B79}.Release|Any CPU.Build.0 = Release|Any CPU
	EndGlobalSection
	GlobalSection(SolutionProperties) = preSolution
		HideSolutionNode = FALSE
	EndGlobalSection
	GlobalSection(ExtensibilityGlobals) = postSolution
		SolutionGuid = {D500FC58-5EA3-4109-8471-71240A45B732}
	EndGlobalSection
EndGlobal
